
Microsoft Visual Studio Solution File, Format Version 12.00
# Visual Studio Version 17
VisualStudioVersion = 17.3.32819.101
MinimumVisualStudioVersion = 10.0.40219.1
Project("{FAE04EC0-301F-11D3-BF4B-00C04F79EFBC}") = "HT_Locators", "HT_Locators\HT_Locators.csproj", "{D377EE5F-2FB5-4996-BDAA-8527F8CAAD2E}"
EndProject
Global
	GlobalSection(SolutionConfigurationPlatforms) = preSolution
		Debug|Any CPU = Debug|Any CPU
		Release|Any CPU = Release|Any CPU
	EndGlobalSection
	GlobalSection(ProjectConfigurationPlatforms) = postSolution
		{D377EE5F-2FB5-4996-BDAA-8527F8CAAD2E}.Debug|Any CPU.ActiveCfg = Debug|Any CPU
		{D377EE5F-2FB5-4996-BDAA-8527F8CAAD2E}.Debug|Any CPU.Build.0 = Debug|Any CPU
		{D377EE5F-2FB5-4996-BDAA-8527F8CAAD2E}.Release|Any CPU.ActiveCfg = Release|Any CPU
		{D377EE5F-2FB5-4996-BDAA-8527F8CAAD2E}.Release|Any CPU.Build.0 = Release|Any CPU
	EndGlobalSection
	GlobalSection(SolutionProperties) = preSolution
		HideSolutionNode = FALSE
	EndGlobalSection
	GlobalSection(ExtensibilityGlobals) = postSolution
		SolutionGuid = {495907EB-C05F-4CAA-B07B-A1264D205BB2}
	EndGlobalSection
EndGlobal
